
Microsoft Visual Studio Solution File, Format Version 12.00
Project("{FAE04EC0-301F-11D3-BF4B-00C04F79EFBC}") = "ATI.Services.Consul", "ATI.Services.Consul\ATI.Services.Consul.csproj", "{9FC58156-4D4C-43A8-97FD-ED578D405073}"
EndProject
Global
	GlobalSection(SolutionConfigurationPlatforms) = preSolution
		Debug|Any CPU = Debug|Any CPU
		Release|Any CPU = Release|Any CPU
	EndGlobalSection
	GlobalSection(ProjectConfigurationPlatforms) = postSolution
		{9FC58156-4D4C-43A8-97FD-ED578D405073}.Debug|Any CPU.ActiveCfg = Debug|Any CPU
		{9FC58156-4D4C-43A8-97FD-ED578D405073}.Debug|Any CPU.Build.0 = Debug|Any CPU
		{9FC58156-4D4C-43A8-97FD-ED578D405073}.Release|Any CPU.ActiveCfg = Release|Any CPU
		{9FC58156-4D4C-43A8-97FD-ED578D405073}.Release|Any CPU.Build.0 = Release|Any CPU
	EndGlobalSection
EndGlobal
